
Microsoft Visual Studio Solution File, Format Version 12.00
# Visual Studio Version 17
VisualStudioVersion = 17.13.35931.197 d17.13
MinimumVisualStudioVersion = 10.0.40219.1
Project("{FAE04EC0-301F-11D3-BF4B-00C04F79EFBC}") = "Crypto_Simulation", "Crypto_Simulation\Crypto_Simulation.csproj", "{D7BA2F1D-3194-410F-9D44-9236916FF113}"
EndProject
Project("{FAE04EC0-301F-11D3-BF4B-00C04F79EFBC}") = "Crypto_Simulation.DataContext", "Crypto_Simulation.DataContext\Crypto_Simulation.DataContext.csproj", "{2AFACC01-4AB1-43BC-A9DC-5FEC6D072B31}"
EndProject
Project("{FAE04EC0-301F-11D3-BF4B-00C04F79EFBC}") = "Crypto_Simulation.Services", "Crypto_Simulation.Services\Crypto_Simulation.Services.csproj", "{EB99763E-C831-4BDE-AA5B-990510CCE2FD}"
EndProject
Global
	GlobalSection(SolutionConfigurationPlatforms) = preSolution
		Debug|Any CPU = Debug|Any CPU
		Release|Any CPU = Release|Any CPU
	EndGlobalSection
	GlobalSection(ProjectConfigurationPlatforms) = postSolution
		{D7BA2F1D-3194-410F-9D44-9236916FF113}.Debug|Any CPU.ActiveCfg = Debug|Any CPU
		{D7BA2F1D-3194-410F-9D44-9236916FF113}.Debug|Any CPU.Build.0 = Debug|Any CPU
		{D7BA2F1D-3194-410F-9D44-9236916FF113}.Release|Any CPU.ActiveCfg = Release|Any CPU
		{D7BA2F1D-3194-410F-9D44-9236916FF113}.Release|Any CPU.Build.0 = Release|Any CPU
		{2AFACC01-4AB1-43BC-A9DC-5FEC6D072B31}.Debug|Any CPU.ActiveCfg = Debug|Any CPU
		{2AFACC01-4AB1-43BC-A9DC-5FEC6D072B31}.Debug|Any CPU.Build.0 = Debug|Any CPU
		{2AFACC01-4AB1-43BC-A9DC-5FEC6D072B31}.Release|Any CPU.ActiveCfg = Release|Any CPU
		{2AFACC01-4AB1-43BC-A9DC-5FEC6D072B31}.Release|Any CPU.Build.0 = Release|Any CPU
		{EB99763E-C831-4BDE-AA5B-990510CCE2FD}.Debug|Any CPU.ActiveCfg = Debug|Any CPU
		{EB99763E-C831-4BDE-AA5B-990510CCE2FD}.Debug|Any CPU.Build.0 = Debug|Any CPU
		{EB99763E-C831-4BDE-AA5B-990510CCE2FD}.Release|Any CPU.ActiveCfg = Release|Any CPU
		{EB99763E-C831-4BDE-AA5B-990510CCE2FD}.Release|Any CPU.Build.0 = Release|Any CPU
	EndGlobalSection
	GlobalSection(SolutionProperties) = preSolution
		HideSolutionNode = FALSE
	EndGlobalSection
	GlobalSection(ExtensibilityGlobals) = postSolution
		SolutionGuid = {95B8C2D7-A3CE-4686-A814-1C4BB4356A1D}
	EndGlobalSection
EndGlobal
